Microsoft Visual Studio Solution File, Format Version 12.00
# Visual Studio 2012
Project("{E24C65DC-7377-472B-9ABA-BC803B73C61A}") = "WebDynamicImage", "..\..\Emgu.CV.Example\WebDynamicImage\", "{CCE4F066-0E44-45FD-A1F3-E4A29C3690A1}"
	ProjectSection(WebsiteProperties) = preProject
		SccProjectName = ""
		SccAuxPath = ""
		SccLocalPath = ""
		SccProvider = ""
		TargetFrameworkMoniker = ".NETFramework,Version%3Dv3.5"
		ProjectReferences = "{9A1A77FE-F01B-495E-87B7-4B16E4F8C908}|Emgu.CV.dll;{7C2C5325-8235-4A24-9C67-6BD79A4679E2}|Emgu.Utils.dll;"
		Debug.AspNetCompiler.VirtualPath = "/WebDynamicImage"
		Debug.AspNetCompiler.PhysicalPath = "..\..\Emgu.CV.Example\WebDynamicImage\"
		Debug.AspNetCompiler.TargetPath = "PrecompiledWeb\WebDynamicImage\"
		Debug.AspNetCompiler.Updateable = "true"
		Debug.AspNetCompiler.ForceOverwrite = "true"
		Debug.AspNetCompiler.FixedNames = "false"
		Debug.AspNetCompiler.Debug = "True"
		Release.AspNetCompiler.VirtualPath = "/WebDynamicImage"
		Release.AspNetCompiler.PhysicalPath = "..\..\Emgu.CV.Example\WebDynamicImage\"
		Release.AspNetCompiler.TargetPath = "PrecompiledWeb\WebDynamicImage\"
		Release.AspNetCompiler.Updateable = "true"
		Release.AspNetCompiler.ForceOverwrite = "true"
		Release.AspNetCompiler.FixedNames = "false"
		Release.AspNetCompiler.Debug = "False"
		VWDPort = "4336"
	EndProjectSection
EndProject
Project("{FAE04EC0-301F-11D3-BF4B-00C04F79EFBC}") = "CameraCapture", "..\..\Emgu.CV.Example\CameraCapture\CameraCapture.csproj", "{5F6B97F8-7EA6-4B5D-9A5D-F5581505C303}"
EndProject
Project("{FAE04EC0-301F-11D3-BF4B-00C04F79EFBC}") = "Emgu.CV", "..\..\Emgu.CV\Emgu.CV.csproj", "{9A1A77FE-F01B-495E-87B7-4B16E4F8C908}"
EndProject
Project("{FAE04EC0-301F-11D3-BF4B-00C04F79EFBC}") = "Emgu.Util", "..\..\Emgu.Util\Emgu.Util.csproj", "{7C2C5325-8235-4A24-9C67-6BD79A4679E2}"
EndProject
Project("{8BC9CEB8-8B4A-11D0-8D11-00A0C91BC942}") = "CPlusPlus", "..\..\Emgu.CV.Example\CPlusPlus\CPlusPlus2010.vcxproj", "{32330110-727C-41A1-9377-6BA41002983D}"
EndProject
Project("{FAE04EC0-301F-11D3-BF4B-00C04F79EFBC}") = "Emgu.CV.UI", "..\..\Emgu.CV.UI\Emgu.CV.UI.csproj", "{90E78BBF-C7FE-4D8E-ADE1-75448E866FDB}"
EndProject
Project("{FAE04EC0-301F-11D3-BF4B-00C04F79EFBC}") = "LicensePlateRecognition", "..\..\Emgu.CV.Example\LicensePlateRecognition\LicensePlateRecognition.csproj", "{288B46AF-CD8E-4503-BBEF-7D295A5D9E13}"
EndProject
Project("{FAE04EC0-301F-11D3-BF4B-00C04F79EFBC}") = "Emgu.CV.GPU", "..\..\Emgu.CV.GPU\Emgu.CV.GPU.csproj", "{8728CB1F-F193-4F75-AEA9-221AA85A3E80}"
EndProject
Project("{FAE04EC0-301F-11D3-BF4B-00C04F79EFBC}") = "Emgu.CV.OCR", "..\..\Emgu.CV.OCR\Emgu.CV.OCR.csproj", "{FDA79B5F-80C6-41FA-A1D6-82DE69DBB4A1}"
EndProject
Project("{FAE04EC0-301F-11D3-BF4B-00C04F79EFBC}") = "OCR", "..\..\Emgu.CV.Example\OCR\OCR.csproj", "{32BFC19B-AE74-413F-90FC-345CBCE13B69}"
EndProject
Global
	GlobalSection(SolutionConfigurationPlatforms) = preSolution
		Debug|.NET = Debug|.NET
		Debug|Any CPU = Debug|Any CPU
		Debug|Mixed Platforms = Debug|Mixed Platforms
		Debug|Win32 = Debug|Win32
		Debug|x86 = Debug|x86
		Release|.NET = Release|.NET
		Release|Any CPU = Release|Any CPU
		Release|Mixed Platforms = Release|Mixed Platforms
		Release|Win32 = Release|Win32
		Release|x86 = Release|x86
	EndGlobalSection
	GlobalSection(ProjectConfigurationPlatforms) = postSolution
		{CCE4F066-0E44-45FD-A1F3-E4A29C3690A1}.Debug|.NET.ActiveCfg = Debug|Any CPU
		{CCE4F066-0E44-45FD-A1F3-E4A29C3690A1}.Debug|Any CPU.ActiveCfg = Debug|Any CPU
		{CCE4F066-0E44-45FD-A1F3-E4A29C3690A1}.Debug|Any CPU.Build.0 = Debug|Any CPU
		{CCE4F066-0E44-45FD-A1F3-E4A29C3690A1}.Debug|Mixed Platforms.ActiveCfg = Debug|Any CPU
		{CCE4F066-0E44-45FD-A1F3-E4A29C3690A1}.Debug|Mixed Platforms.Build.0 = Debug|Any CPU
		{CCE4F066-0E44-45FD-A1F3-E4A29C3690A1}.Debug|Win32.ActiveCfg = Debug|Any CPU
		{CCE4F066-0E44-45FD-A1F3-E4A29C3690A1}.Debug|x86.ActiveCfg = Debug|Any CPU
		{CCE4F066-0E44-45FD-A1F3-E4A29C3690A1}.Release|.NET.ActiveCfg = Debug|Any CPU
		{CCE4F066-0E44-45FD-A1F3-E4A29C3690A1}.Release|Any CPU.ActiveCfg = Debug|Any CPU
		{CCE4F066-0E44-45FD-A1F3-E4A29C3690A1}.Release|Any CPU.Build.0 = Debug|Any CPU
		{CCE4F066-0E44-45FD-A1F3-E4A29C3690A1}.Release|Mixed Platforms.ActiveCfg = Debug|Any CPU
		{CCE4F066-0E44-45FD-A1F3-E4A29C3690A1}.Release|Mixed Platforms.Build.0 = Debug|Any CPU
		{CCE4F066-0E44-45FD-A1F3-E4A29C3690A1}.Release|Win32.ActiveCfg = Debug|Any CPU
		{CCE4F066-0E44-45FD-A1F3-E4A29C3690A1}.Release|x86.ActiveCfg = Debug|Any CPU
		{5F6B97F8-7EA6-4B5D-9A5D-F5581505C303}.Debug|.NET.ActiveCfg = Debug|Any CPU
		{5F6B97F8-7EA6-4B5D-9A5D-F5581505C303}.Debug|Any CPU.ActiveCfg = Debug|Any CPU
		{5F6B97F8-7EA6-4B5D-9A5D-F5581505C303}.Debug|Any CPU.Build.0 = Debug|Any CPU
		{5F6B97F8-7EA6-4B5D-9A5D-F5581505C303}.Debug|Mixed Platforms.ActiveCfg = Debug|Any CPU
		{5F6B97F8-7EA6-4B5D-9A5D-F5581505C303}.Debug|Mixed Platforms.Build.0 = Debug|Any CPU
		{5F6B97F8-7EA6-4B5D-9A5D-F5581505C303}.Debug|Win32.ActiveCfg = Debug|Any CPU
		{5F6B97F8-7EA6-4B5D-9A5D-F5581505C303}.Debug|x86.ActiveCfg = Debug|Any CPU
		{5F6B97F8-7EA6-4B5D-9A5D-F5581505C303}.Release|.NET.ActiveCfg = Release|Any CPU
		{5F6B97F8-7EA6-4B5D-9A5D-F5581505C303}.Release|Any CPU.ActiveCfg = Release|Any CPU
		{5F6B97F8-7EA6-4B5D-9A5D-F5581505C303}.Release|Any CPU.Build.0 = Release|Any CPU
		{5F6B97F8-7EA6-4B5D-9A5D-F5581505C303}.Release|Mixed Platforms.ActiveCfg = Release|Any CPU
		{5F6B97F8-7EA6-4B5D-9A5D-F5581505C303}.Release|Mixed Platforms.Build.0 = Release|Any CPU
		{5F6B97F8-7EA6-4B5D-9A5D-F5581505C303}.Release|Win32.ActiveCfg = Release|Any CPU
		{5F6B97F8-7EA6-4B5D-9A5D-F5581505C303}.Release|x86.ActiveCfg = Release|Any CPU
		{9A1A77FE-F01B-495E-87B7-4B16E4F8C908}.Debug|.NET.ActiveCfg = Debug|Any CPU
		{9A1A77FE-F01B-495E-87B7-4B16E4F8C908}.Debug|Any CPU.ActiveCfg = Debug|Any CPU
		{9A1A77FE-F01B-495E-87B7-4B16E4F8C908}.Debug|Any CPU.Build.0 = Debug|Any CPU
		{9A1A77FE-F01B-495E-87B7-4B16E4F8C908}.Debug|Mixed Platforms.ActiveCfg = Debug|Any CPU
		{9A1A77FE-F01B-495E-87B7-4B16E4F8C908}.Debug|Mixed Platforms.Build.0 = Debug|Any CPU
		{9A1A77FE-F01B-495E-87B7-4B16E4F8C908}.Debug|Win32.ActiveCfg = Debug|Any CPU
		{9A1A77FE-F01B-495E-87B7-4B16E4F8C908}.Debug|x86.ActiveCfg = Debug|Any CPU
		{9A1A77FE-F01B-495E-87B7-4B16E4F8C908}.Release|.NET.ActiveCfg = Release|Any CPU
		{9A1A77FE-F01B-495E-87B7-4B16E4F8C908}.Release|Any CPU.ActiveCfg = Release|Any CPU
		{9A1A77FE-F01B-495E-87B7-4B16E4F8C908}.Release|Any CPU.Build.0 = Release|Any CPU
		{9A1A77FE-F01B-495E-87B7-4B16E4F8C908}.Release|Mixed Platforms.ActiveCfg = Release|Any CPU
		{9A1A77FE-F01B-495E-87B7-4B16E4F8C908}.Release|Mixed Platforms.Build.0 = Release|Any CPU
		{9A1A77FE-F01B-495E-87B7-4B16E4F8C908}.Release|Win32.ActiveCfg = Release|Any CPU
		{9A1A77FE-F01B-495E-87B7-4B16E4F8C908}.Release|x86.ActiveCfg = Release|Any CPU
		{7C2C5325-8235-4A24-9C67-6BD79A4679E2}.Debug|.NET.ActiveCfg = Debug|Any CPU
		{7C2C5325-8235-4A24-9C67-6BD79A4679E2}.Debug|Any CPU.ActiveCfg = Debug|Any CPU
		{7C2C5325-8235-4A24-9C67-6BD79A4679E2}.Debug|Any CPU.Build.0 = Debug|Any CPU
		{7C2C5325-8235-4A24-9C67-6BD79A4679E2}.Debug|Mixed Platforms.ActiveCfg = Debug|Any CPU
		{7C2C5325-8235-4A24-9C67-6BD79A4679E2}.Debug|Mixed Platforms.Build.0 = Debug|Any CPU
		{7C2C5325-8235-4A24-9C67-6BD79A4679E2}.Debug|Win32.ActiveCfg = Debug|Any CPU
		{7C2C5325-8235-4A24-9C67-6BD79A4679E2}.Debug|x86.ActiveCfg = Debug|Any CPU
		{7C2C5325-8235-4A24-9C67-6BD79A4679E2}.Release|.NET.ActiveCfg = Release|Any CPU
		{7C2C5325-8235-4A24-9C67-6BD79A4679E2}.Release|Any CPU.ActiveCfg = Release|Any CPU
		{7C2C5325-8235-4A24-9C67-6BD79A4679E2}.Release|Any CPU.Build.0 = Release|Any CPU
		{7C2C5325-8235-4A24-9C67-6BD79A4679E2}.Release|Mixed Platforms.ActiveCfg = Release|Any CPU
		{7C2C5325-8235-4A24-9C67-6BD79A4679E2}.Release|Mixed Platforms.Build.0 = Release|Any CPU
		{7C2C5325-8235-4A24-9C67-6BD79A4679E2}.Release|Win32.ActiveCfg = Release|Any CPU
		{7C2C5325-8235-4A24-9C67-6BD79A4679E2}.Release|x86.ActiveCfg = Release|Any CPU
		{32330110-727C-41A1-9377-6BA41002983D}.Debug|.NET.ActiveCfg = Debug|Win32
		{32330110-727C-41A1-9377-6BA41002983D}.Debug|Any CPU.ActiveCfg = Debug|Win32
		{32330110-727C-41A1-9377-6BA41002983D}.Debug|Mixed Platforms.ActiveCfg = Debug|Win32
		{32330110-727C-41A1-9377-6BA41002983D}.Debug|Mixed Platforms.Build.0 = Debug|Win32
		{32330110-727C-41A1-9377-6BA41002983D}.Debug|Win32.ActiveCfg = Debug|Win32
		{32330110-727C-41A1-9377-6BA41002983D}.Debug|Win32.Build.0 = Debug|Win32
		{32330110-727C-41A1-9377-6BA41002983D}.Debug|x86.ActiveCfg = Debug|Win32
		{32330110-727C-41A1-9377-6BA41002983D}.Release|.NET.ActiveCfg = Release|Win32
		{32330110-727C-41A1-9377-6BA41002983D}.Release|Any CPU.ActiveCfg = Release|Win32
		{32330110-727C-41A1-9377-6BA41002983D}.Release|Mixed Platforms.ActiveCfg = Release|Win32
		{32330110-727C-41A1-9377-6BA41002983D}.Release|Mixed Platforms.Build.0 = Release|Win32
		{32330110-727C-41A1-9377-6BA41002983D}.Release|Win32.ActiveCfg = Release|Win32
		{32330110-727C-41A1-9377-6BA41002983D}.Release|Win32.Build.0 = Release|Win32
		{32330110-727C-41A1-9377-6BA41002983D}.Release|x86.ActiveCfg = Release|Win32
		{90E78BBF-C7FE-4D8E-ADE1-75448E866FDB}.Debug|.NET.ActiveCfg = Debug|Any CPU
		{90E78BBF-C7FE-4D8E-ADE1-75448E866FDB}.Debug|Any CPU.ActiveCfg = Debug|Any CPU
		{90E78BBF-C7FE-4D8E-ADE1-75448E866FDB}.Debug|Any CPU.Build.0 = Debug|Any CPU
		{90E78BBF-C7FE-4D8E-ADE1-75448E866FDB}.Debug|Mixed Platforms.ActiveCfg = Debug|Any CPU
		{90E78BBF-C7FE-4D8E-ADE1-75448E866FDB}.Debug|Mixed Platforms.Build.0 = Debug|Any CPU
		{90E78BBF-C7FE-4D8E-ADE1-75448E866FDB}.Debug|Win32.ActiveCfg = Debug|Any CPU
		{90E78BBF-C7FE-4D8E-ADE1-75448E866FDB}.Debug|x86.ActiveCfg = Debug|Any CPU
		{90E78BBF-C7FE-4D8E-ADE1-75448E866FDB}.Release|.NET.ActiveCfg = Release|Any CPU
		{90E78BBF-C7FE-4D8E-ADE1-75448E866FDB}.Release|Any CPU.ActiveCfg = Release|Any CPU
		{90E78BBF-C7FE-4D8E-ADE1-75448E866FDB}.Release|Any CPU.Build.0 = Release|Any CPU
		{90E78BBF-C7FE-4D8E-ADE1-75448E866FDB}.Release|Mixed Platforms.ActiveCfg = Release|Any CPU
		{90E78BBF-C7FE-4D8E-ADE1-75448E866FDB}.Release|Mixed Platforms.Build.0 = Release|Any CPU
		{90E78BBF-C7FE-4D8E-ADE1-75448E866FDB}.Release|Win32.ActiveCfg = Release|Any CPU
		{90E78BBF-C7FE-4D8E-ADE1-75448E866FDB}.Release|x86.ActiveCfg = Release|Any CPU
		{288B46AF-CD8E-4503-BBEF-7D295A5D9E13}.Debug|.NET.ActiveCfg = Debug|Any CPU
		{288B46AF-CD8E-4503-BBEF-7D295A5D9E13}.Debug|Any CPU.ActiveCfg = Debug|Any CPU
		{288B46AF-CD8E-4503-BBEF-7D295A5D9E13}.Debug|Any CPU.Build.0 = Debug|Any CPU
		{288B46AF-CD8E-4503-BBEF-7D295A5D9E13}.Debug|Mixed Platforms.ActiveCfg = Debug|Any CPU
		{288B46AF-CD8E-4503-BBEF-7D295A5D9E13}.Debug|Mixed Platforms.Build.0 = Debug|Any CPU
		{288B46AF-CD8E-4503-BBEF-7D295A5D9E13}.Debug|Win32.ActiveCfg = Debug|Any CPU
		{288B46AF-CD8E-4503-BBEF-7D295A5D9E13}.Debug|x86.ActiveCfg = Debug|Any CPU
		{288B46AF-CD8E-4503-BBEF-7D295A5D9E13}.Release|.NET.ActiveCfg = Release|Any CPU
		{288B46AF-CD8E-4503-BBEF-7D295A5D9E13}.Release|Any CPU.ActiveCfg = Release|Any CPU
		{288B46AF-CD8E-4503-BBEF-7D295A5D9E13}.Release|Any CPU.Build.0 = Release|Any CPU
		{288B46AF-CD8E-4503-BBEF-7D295A5D9E13}.Release|Mixed Platforms.ActiveCfg = Release|Any CPU
		{288B46AF-CD8E-4503-BBEF-7D295A5D9E13}.Release|Mixed Platforms.Build.0 = Release|Any CPU
		{288B46AF-CD8E-4503-BBEF-7D295A5D9E13}.Release|Win32.ActiveCfg = Release|Any CPU
		{288B46AF-CD8E-4503-BBEF-7D295A5D9E13}.Release|x86.ActiveCfg = Release|Any CPU
		{8728CB1F-F193-4F75-AEA9-221AA85A3E80}.Debug|.NET.ActiveCfg = Debug|Any CPU
		{8728CB1F-F193-4F75-AEA9-221AA85A3E80}.Debug|Any CPU.ActiveCfg = Debug|Any CPU
		{8728CB1F-F193-4F75-AEA9-221AA85A3E80}.Debug|Any CPU.Build.0 = Debug|Any CPU
		{8728CB1F-F193-4F75-AEA9-221AA85A3E80}.Debug|Mixed Platforms.ActiveCfg = Debug|Any CPU
		{8728CB1F-F193-4F75-AEA9-221AA85A3E80}.Debug|Mixed Platforms.Build.0 = Debug|Any CPU
		{8728CB1F-F193-4F75-AEA9-221AA85A3E80}.Debug|Win32.ActiveCfg = Debug|Any CPU
		{8728CB1F-F193-4F75-AEA9-221AA85A3E80}.Debug|x86.ActiveCfg = Debug|Any CPU
		{8728CB1F-F193-4F75-AEA9-221AA85A3E80}.Release|.NET.ActiveCfg = Release|Any CPU
		{8728CB1F-F193-4F75-AEA9-221AA85A3E80}.Release|Any CPU.ActiveCfg = Release|Any CPU
		{8728CB1F-F193-4F75-AEA9-221AA85A3E80}.Release|Any CPU.Build.0 = Release|Any CPU
		{8728CB1F-F193-4F75-AEA9-221AA85A3E80}.Release|Mixed Platforms.ActiveCfg = Release|Any CPU
		{8728CB1F-F193-4F75-AEA9-221AA85A3E80}.Release|Mixed Platforms.Build.0 = Release|Any CPU
		{8728CB1F-F193-4F75-AEA9-221AA85A3E80}.Release|Win32.ActiveCfg = Release|Any CPU
		{8728CB1F-F193-4F75-AEA9-221AA85A3E80}.Release|x86.ActiveCfg = Release|Any CPU
		{FDA79B5F-80C6-41FA-A1D6-82DE69DBB4A1}.Debug|.NET.ActiveCfg = Debug|Any CPU
		{FDA79B5F-80C6-41FA-A1D6-82DE69DBB4A1}.Debug|Any CPU.ActiveCfg = Debug|Any CPU
		{FDA79B5F-80C6-41FA-A1D6-82DE69DBB4A1}.Debug|Any CPU.Build.0 = Debug|Any CPU
		{FDA79B5F-80C6-41FA-A1D6-82DE69DBB4A1}.Debug|Mixed Platforms.ActiveCfg = Debug|Any CPU
		{FDA79B5F-80C6-41FA-A1D6-82DE69DBB4A1}.Debug|Mixed Platforms.Build.0 = Debug|Any CPU
		{FDA79B5F-80C6-41FA-A1D6-82DE69DBB4A1}.Debug|Win32.ActiveCfg = Debug|Any CPU
		{FDA79B5F-80C6-41FA-A1D6-82DE69DBB4A1}.Debug|x86.ActiveCfg = Debug|Any CPU
		{FDA79B5F-80C6-41FA-A1D6-82DE69DBB4A1}.Release|.NET.ActiveCfg = Release|Any CPU
		{FDA79B5F-80C6-41FA-A1D6-82DE69DBB4A1}.Release|Any CPU.ActiveCfg = Release|Any CPU
		{FDA79B5F-80C6-41FA-A1D6-82DE69DBB4A1}.Release|Any CPU.Build.0 = Release|Any CPU
		{FDA79B5F-80C6-41FA-A1D6-82DE69DBB4A1}.Release|Mixed Platforms.ActiveCfg = Release|Any CPU
		{FDA79B5F-80C6-41FA-A1D6-82DE69DBB4A1}.Release|Mixed Platforms.Build.0 = Release|Any CPU
		{FDA79B5F-80C6-41FA-A1D6-82DE69DBB4A1}.Release|Win32.ActiveCfg = Release|Any CPU
		{FDA79B5F-80C6-41FA-A1D6-82DE69DBB4A1}.Release|x86.ActiveCfg = Release|Any CPU
		{32BFC19B-AE74-413F-90FC-345CBCE13B69}.Debug|.NET.ActiveCfg = Debug|Any CPU
		{32BFC19B-AE74-413F-90FC-345CBCE13B69}.Debug|Any CPU.ActiveCfg = Debug|Any CPU
		{32BFC19B-AE74-413F-90FC-345CBCE13B69}.Debug|Mixed Platforms.ActiveCfg = Debug|Any CPU
		{32BFC19B-AE74-413F-90FC-345CBCE13B69}.Debug|Mixed Platforms.Build.0 = Debug|Any CPU
		{32BFC19B-AE74-413F-90FC-345CBCE13B69}.Debug|Win32.ActiveCfg = Debug|Any CPU
		{32BFC19B-AE74-413F-90FC-345CBCE13B69}.Debug|x86.ActiveCfg = Debug|Any CPU
		{32BFC19B-AE74-413F-90FC-345CBCE13B69}.Release|.NET.ActiveCfg = Release|Any CPU
		{32BFC19B-AE74-413F-90FC-345CBCE13B69}.Release|Any CPU.ActiveCfg = Release|Any CPU
		{32BFC19B-AE74-413F-90FC-345CBCE13B69}.Release|Any CPU.Build.0 = Release|Any CPU
		{32BFC19B-AE74-413F-90FC-345CBCE13B69}.Release|Mixed Platforms.ActiveCfg = Release|Any CPU
		{32BFC19B-AE74-413F-90FC-345CBCE13B69}.Release|Mixed Platforms.Build.0 = Release|Any CPU
		{32BFC19B-AE74-413F-90FC-345CBCE13B69}.Release|Win32.ActiveCfg = Release|Any CPU
		{32BFC19B-AE74-413F-90FC-345CBCE13B69}.Release|x86.ActiveCfg = Release|Any CPU
	EndGlobalSection
	GlobalSection(SolutionProperties) = preSolution
		HideSolutionNode = FALSE
	EndGlobalSection
EndGlobal
